
Microsoft Visual Studio Solution File, Format Version 12.00
# Visual Studio 15
VisualStudioVersion = 15.0.27130.2036
MinimumVisualStudioVersion = 10.0.40219.1
Project("{888888A0-9F3D-457C-B088-3A5042F75D52}") = "projetS5", "..\projetS5.pyproj", "{4469B3A6-3694-4055-8E29-0EB5439C1C75}"
EndProject
Global
	GlobalSection(SolutionConfigurationPlatforms) = preSolution
		Debug|Any CPU = Debug|Any CPU
		Release|Any CPU = Release|Any CPU
	EndGlobalSection
	GlobalSection(ProjectConfigurationPlatforms) = postSolution
		{4469B3A6-3694-4055-8E29-0EB5439C1C75}.Debug|Any CPU.ActiveCfg = Debug|Any CPU
		{4469B3A6-3694-4055-8E29-0EB5439C1C75}.Release|Any CPU.ActiveCfg = Release|Any CPU
	EndGlobalSection
	GlobalSection(SolutionProperties) = preSolution
		HideSolutionNode = FALSE
	EndGlobalSection
	GlobalSection(ExtensibilityGlobals) = postSolution
		SolutionGuid = {75BCD7B1-7309-45BD-99F9-F7EAE73D9574}
	EndGlobalSection
EndGlobal
